<Solution>
  <Configurations>
    <Platform Name="ARM64" />
    <Platform Name="x64" />
    <Platform Name="x86" />
  </Configurations>
  <Project Path="BenchmarkSuite1/BenchmarkSuite1.csproj" />
  <Project Path="Photon.Core.Shader.Generator/Photon.Core.Shader.Generator.csproj" />
  <Project Path="Photon.Core/Photon.Core.csproj" Id="83ec54d6-c62b-4984-b6ce-badba88d0c4f" />
  <Project Path="Photon.Editor/Photon.Editor.csproj">
    <Platform Solution="*|ARM64" Project="ARM64" />
    <Platform Solution="*|x64" Project="x64" />
    <Platform Solution="*|x86" Project="x86" />
    <Deploy />
  </Project>
  <Project Path="Photon.Math/Photon.Math.csproj" Id="a4c124aa-ba9c-4c97-af70-03536aa6ba63" />
</Solution>
